
Microsoft Visual Studio Solution File, Format Version 12.00
# Visual Studio Version 16
VisualStudioVersion = 16.0.31410.357
MinimumVisualStudioVersion = 10.0.40219.1
Project("{2150E333-8FDC-42A3-9474-1A3956D46DE8}") = "0Solution Items", "0Solution Items", "{B7F90C90-3A3C-4DB2-B9D9-59F651F5EBCD}"
	ProjectSection(SolutionItems) = preProject
		REAME.md = REAME.md
	EndProjectSection
EndProject
Project("{2150E333-8FDC-42A3-9474-1A3956D46DE8}") = "1Backend", "1Backend", "{5D1A9212-1391-4BA6-A4B8-2D9A24F4ADBD}"
EndProject
Project("{FAE04EC0-301F-11D3-BF4B-00C04F79EFBC}") = "RS.BackendApi", "RS.BackendApi\RS.BackendApi.csproj", "{D1E26DC5-691F-4E5B-BDBC-B8316234B498}"
EndProject
Project("{FAE04EC0-301F-11D3-BF4B-00C04F79EFBC}") = "RS.Data", "RS.Data\RS.Data.csproj", "{8B119EF0-497B-42F8-9F3D-58626059A575}"
EndProject
Project("{FAE04EC0-301F-11D3-BF4B-00C04F79EFBC}") = "RS.Services", "RS.Services\RS.Services.csproj", "{0EA53BBB-88A2-4B9A-886E-E2D60B229E4B}"
EndProject
Project("{2150E333-8FDC-42A3-9474-1A3956D46DE8}") = "2Site", "2Site", "{872AE905-0E34-4F69-9803-8DA436377A2E}"
EndProject
Project("{FAE04EC0-301F-11D3-BF4B-00C04F79EFBC}") = "RS.WebApp", "RS.WebApp\RS.WebApp.csproj", "{C8A40D9D-2C3E-4EE3-938E-8F65312DF49A}"
EndProject
Project("{FAE04EC0-301F-11D3-BF4B-00C04F79EFBC}") = "RS.AdminRazor", "RS.AdminRazor\RS.AdminRazor.csproj", "{20F5EB04-E9EB-48B9-B598-9BA13F71E810}"
EndProject
Project("{FAE04EC0-301F-11D3-BF4B-00C04F79EFBC}") = "RS.ApiIntegration", "RS.ApiIntegration\RS.ApiIntegration.csproj", "{1A378C40-E63D-4036-879C-89BB6CA94195}"
EndProject
Project("{2150E333-8FDC-42A3-9474-1A3956D46DE8}") = "3Shared", "3Shared", "{1018ACA4-6CF2-4E30-B5A2-A043A7ABFEAF}"
EndProject
Project("{FAE04EC0-301F-11D3-BF4B-00C04F79EFBC}") = "RS.Utilities", "RS.Utilities\RS.Utilities.csproj", "{2D614B9F-E921-4C76-A4D0-F51DF12BBF72}"
EndProject
Project("{FAE04EC0-301F-11D3-BF4B-00C04F79EFBC}") = "RS.ViewModels", "RS.ViewModels\RS.ViewModels.csproj", "{94EE9D2F-77BF-4E32-B44F-C1610733ED11}"
EndProject
Global
	GlobalSection(SolutionConfigurationPlatforms) = preSolution
		Debug|Any CPU = Debug|Any CPU
		Release|Any CPU = Release|Any CPU
	EndGlobalSection
	GlobalSection(ProjectConfigurationPlatforms) = postSolution
		{D1E26DC5-691F-4E5B-BDBC-B8316234B498}.Debug|Any CPU.ActiveCfg = Debug|Any CPU
		{D1E26DC5-691F-4E5B-BDBC-B8316234B498}.Debug|Any CPU.Build.0 = Debug|Any CPU
		{D1E26DC5-691F-4E5B-BDBC-B8316234B498}.Release|Any CPU.ActiveCfg = Release|Any CPU
		{D1E26DC5-691F-4E5B-BDBC-B8316234B498}.Release|Any CPU.Build.0 = Release|Any CPU
		{8B119EF0-497B-42F8-9F3D-58626059A575}.Debug|Any CPU.ActiveCfg = Debug|Any CPU
		{8B119EF0-497B-42F8-9F3D-58626059A575}.Debug|Any CPU.Build.0 = Debug|Any CPU
		{8B119EF0-497B-42F8-9F3D-58626059A575}.Release|Any CPU.ActiveCfg = Release|Any CPU
		{8B119EF0-497B-42F8-9F3D-58626059A575}.Release|Any CPU.Build.0 = Release|Any CPU
		{0EA53BBB-88A2-4B9A-886E-E2D60B229E4B}.Debug|Any CPU.ActiveCfg = Debug|Any CPU
		{0EA53BBB-88A2-4B9A-886E-E2D60B229E4B}.Debug|Any CPU.Build.0 = Debug|Any CPU
		{0EA53BBB-88A2-4B9A-886E-E2D60B229E4B}.Release|Any CPU.ActiveCfg = Release|Any CPU
		{0EA53BBB-88A2-4B9A-886E-E2D60B229E4B}.Release|Any CPU.Build.0 = Release|Any CPU
		{C8A40D9D-2C3E-4EE3-938E-8F65312DF49A}.Debug|Any CPU.ActiveCfg = Debug|Any CPU
		{C8A40D9D-2C3E-4EE3-938E-8F65312DF49A}.Debug|Any CPU.Build.0 = Debug|Any CPU
		{C8A40D9D-2C3E-4EE3-938E-8F65312DF49A}.Release|Any CPU.ActiveCfg = Release|Any CPU
		{C8A40D9D-2C3E-4EE3-938E-8F65312DF49A}.Release|Any CPU.Build.0 = Release|Any CPU
		{20F5EB04-E9EB-48B9-B598-9BA13F71E810}.Debug|Any CPU.ActiveCfg = Debug|Any CPU
		{20F5EB04-E9EB-48B9-B598-9BA13F71E810}.Debug|Any CPU.Build.0 = Debug|Any CPU
		{20F5EB04-E9EB-48B9-B598-9BA13F71E810}.Release|Any CPU.ActiveCfg = Release|Any CPU
		{20F5EB04-E9EB-48B9-B598-9BA13F71E810}.Release|Any CPU.Build.0 = Release|Any CPU
		{1A378C40-E63D-4036-879C-89BB6CA94195}.Debug|Any CPU.ActiveCfg = Debug|Any CPU
		{1A378C40-E63D-4036-879C-89BB6CA94195}.Debug|Any CPU.Build.0 = Debug|Any CPU
		{1A378C40-E63D-4036-879C-89BB6CA94195}.Release|Any CPU.ActiveCfg = Release|Any CPU
		{1A378C40-E63D-4036-879C-89BB6CA94195}.Release|Any CPU.Build.0 = Release|Any CPU
		{2D614B9F-E921-4C76-A4D0-F51DF12BBF72}.Debug|Any CPU.ActiveCfg = Debug|Any CPU
		{2D614B9F-E921-4C76-A4D0-F51DF12BBF72}.Debug|Any CPU.Build.0 = Debug|Any CPU
		{2D614B9F-E921-4C76-A4D0-F51DF12BBF72}.Release|Any CPU.ActiveCfg = Release|Any CPU
		{2D614B9F-E921-4C76-A4D0-F51DF12BBF72}.Release|Any CPU.Build.0 = Release|Any CPU
		{94EE9D2F-77BF-4E32-B44F-C1610733ED11}.Debug|Any CPU.ActiveCfg = Debug|Any CPU
		{94EE9D2F-77BF-4E32-B44F-C1610733ED11}.Debug|Any CPU.Build.0 = Debug|Any CPU
		{94EE9D2F-77BF-4E32-B44F-C1610733ED11}.Release|Any CPU.ActiveCfg = Release|Any CPU
		{94EE9D2F-77BF-4E32-B44F-C1610733ED11}.Release|Any CPU.Build.0 = Release|Any CPU
	EndGlobalSection
	GlobalSection(SolutionProperties) = preSolution
		HideSolutionNode = FALSE
	EndGlobalSection
	GlobalSection(NestedProjects) = preSolution
		{D1E26DC5-691F-4E5B-BDBC-B8316234B498} = {5D1A9212-1391-4BA6-A4B8-2D9A24F4ADBD}
		{8B119EF0-497B-42F8-9F3D-58626059A575} = {5D1A9212-1391-4BA6-A4B8-2D9A24F4ADBD}
		{0EA53BBB-88A2-4B9A-886E-E2D60B229E4B} = {5D1A9212-1391-4BA6-A4B8-2D9A24F4ADBD}
		{C8A40D9D-2C3E-4EE3-938E-8F65312DF49A} = {872AE905-0E34-4F69-9803-8DA436377A2E}
		{20F5EB04-E9EB-48B9-B598-9BA13F71E810} = {872AE905-0E34-4F69-9803-8DA436377A2E}
		{1A378C40-E63D-4036-879C-89BB6CA94195} = {872AE905-0E34-4F69-9803-8DA436377A2E}
		{2D614B9F-E921-4C76-A4D0-F51DF12BBF72} = {1018ACA4-6CF2-4E30-B5A2-A043A7ABFEAF}
		{94EE9D2F-77BF-4E32-B44F-C1610733ED11} = {1018ACA4-6CF2-4E30-B5A2-A043A7ABFEAF}
	EndGlobalSection
	GlobalSection(ExtensibilityGlobals) = postSolution
		SolutionGuid = {84B664A1-066B-43EC-A974-8389353A4E41}
	EndGlobalSection
EndGlobal
